Microsoft Visual Studio Solution File, Format Version 12.00
# Visual Studio Version 17
VisualStudioVersion = 17.12.35707.178 d17.12
MinimumVisualStudioVersion = 10.0.40219.1
Project("{FAE04EC0-301F-11D3-BF4B-00C04F79EFBC}") = "SignalR Demo.AppHost", "SignalR Demo.AppHost\SignalR Demo.AppHost.csproj", "{5293F0B0-23D3-465A-A760-4BDC077E4104}"
EndProject
Project("{FAE04EC0-301F-11D3-BF4B-00C04F79EFBC}") = "SignalR Demo.ServiceDefaults", "SignalR Demo.ServiceDefaults\SignalR Demo.ServiceDefaults.csproj", "{2EDDC133-880E-4A86-AF7D-90261579F2B9}"
EndProject
Project("{FAE04EC0-301F-11D3-BF4B-00C04F79EFBC}") = "SignalR Demo.ApiService", "SignalR Demo.ApiService\SignalR Demo.ApiService.csproj", "{6E6B7A1D-1BB8-4968-94A9-D6339609EE06}"
EndProject
Project("{FAE04EC0-301F-11D3-BF4B-00C04F79EFBC}") = "SignalR Demo.Web", "SignalR Demo.Web\SignalR Demo.Web.csproj", "{D25B0EE9-B9A4-4F65-8E5F-C7545577AE5A}"
EndProject
Global
	GlobalSection(SolutionConfigurationPlatforms) = preSolution
		Debug|Any CPU = Debug|Any CPU
		Release|Any CPU = Release|Any CPU
	EndGlobalSection
	GlobalSection(ProjectConfigurationPlatforms) = postSolution
		{5293F0B0-23D3-465A-A760-4BDC077E4104}.Debug|Any CPU.ActiveCfg = Debug|Any CPU
		{5293F0B0-23D3-465A-A760-4BDC077E4104}.Debug|Any CPU.Build.0 = Debug|Any CPU
		{5293F0B0-23D3-465A-A760-4BDC077E4104}.Release|Any CPU.ActiveCfg = Release|Any CPU
		{5293F0B0-23D3-465A-A760-4BDC077E4104}.Release|Any CPU.Build.0 = Release|Any CPU
		{2EDDC133-880E-4A86-AF7D-90261579F2B9}.Debug|Any CPU.ActiveCfg = Debug|Any CPU
		{2EDDC133-880E-4A86-AF7D-90261579F2B9}.Debug|Any CPU.Build.0 = Debug|Any CPU
		{2EDDC133-880E-4A86-AF7D-90261579F2B9}.Release|Any CPU.ActiveCfg = Release|Any CPU
		{2EDDC133-880E-4A86-AF7D-90261579F2B9}.Release|Any CPU.Build.0 = Release|Any CPU
		{6E6B7A1D-1BB8-4968-94A9-D6339609EE06}.Debug|Any CPU.ActiveCfg = Debug|Any CPU
		{6E6B7A1D-1BB8-4968-94A9-D6339609EE06}.Debug|Any CPU.Build.0 = Debug|Any CPU
		{6E6B7A1D-1BB8-4968-94A9-D6339609EE06}.Release|Any CPU.ActiveCfg = Release|Any CPU
		{6E6B7A1D-1BB8-4968-94A9-D6339609EE06}.Release|Any CPU.Build.0 = Release|Any CPU
		{D25B0EE9-B9A4-4F65-8E5F-C7545577AE5A}.Debug|Any CPU.ActiveCfg = Debug|Any CPU
		{D25B0EE9-B9A4-4F65-8E5F-C7545577AE5A}.Debug|Any CPU.Build.0 = Debug|Any CPU
		{D25B0EE9-B9A4-4F65-8E5F-C7545577AE5A}.Release|Any CPU.ActiveCfg = Release|Any CPU
		{D25B0EE9-B9A4-4F65-8E5F-C7545577AE5A}.Release|Any CPU.Build.0 = Release|Any CPU
	EndGlobalSection
	GlobalSection(SolutionProperties) = preSolution
		HideSolutionNode = FALSE
	EndGlobalSection
EndGlobal
